
Microsoft Visual Studio Solution File, Format Version 12.00
# Visual Studio Version 17
VisualStudioVersion = 17.4.33205.214
MinimumVisualStudioVersion = 10.0.40219.1
Project("{FAE04EC0-301F-11D3-BF4B-00C04F79EFBC}") = "WebpageBuilder", "WebPageBuilder\WebpageBuilder.csproj", "{9150F787-065D-4C07-8F99-DFDEAC105B61}"
EndProject
Project("{FAE04EC0-301F-11D3-BF4B-00C04F79EFBC}") = "WebpageBuilderTests", "WebpageBuilderTests\WebpageBuilderTests.csproj", "{8859BBED-AF87-40DB-A500-80519349A066}"
EndProject
Global
	GlobalSection(SolutionConfigurationPlatforms) = preSolution
		Debug|Any CPU = Debug|Any CPU
		Release|Any CPU = Release|Any CPU
	EndGlobalSection
	GlobalSection(ProjectConfigurationPlatforms) = postSolution
		{9150F787-065D-4C07-8F99-DFDEAC105B61}.Debug|Any CPU.ActiveCfg = Debug|Any CPU
		{9150F787-065D-4C07-8F99-DFDEAC105B61}.Debug|Any CPU.Build.0 = Debug|Any CPU
		{9150F787-065D-4C07-8F99-DFDEAC105B61}.Release|Any CPU.ActiveCfg = Release|Any CPU
		{9150F787-065D-4C07-8F99-DFDEAC105B61}.Release|Any CPU.Build.0 = Release|Any CPU
		{8859BBED-AF87-40DB-A500-80519349A066}.Debug|Any CPU.ActiveCfg = Debug|Any CPU
		{8859BBED-AF87-40DB-A500-80519349A066}.Debug|Any CPU.Build.0 = Debug|Any CPU
		{8859BBED-AF87-40DB-A500-80519349A066}.Release|Any CPU.ActiveCfg = Release|Any CPU
		{8859BBED-AF87-40DB-A500-80519349A066}.Release|Any CPU.Build.0 = Release|Any CPU
	EndGlobalSection
	GlobalSection(SolutionProperties) = preSolution
		HideSolutionNode = FALSE
	EndGlobalSection
	GlobalSection(ExtensibilityGlobals) = postSolution
		SolutionGuid = {17C06F8B-BD2E-47AA-BAE8-BADAA4C2C541}
	EndGlobalSection
EndGlobal
